
Microsoft Visual Studio Solution File, Format Version 12.00
# Visual Studio Version 16
VisualStudioVersion = 16.0.31624.102
MinimumVisualStudioVersion = 10.0.40219.1
Project("{FAE04EC0-301F-11D3-BF4B-00C04F79EFBC}") = "SalesWebMvc", "SalesWebMvc\SalesWebMvc.csproj", "{12356BD7-8104-4861-B5BD-DEC302816998}"
EndProject
Global
	GlobalSection(SolutionConfigurationPlatforms) = preSolution
		Debug|Any CPU = Debug|Any CPU
		Release|Any CPU = Release|Any CPU
	EndGlobalSection
	GlobalSection(ProjectConfigurationPlatforms) = postSolution
		{12356BD7-8104-4861-B5BD-DEC302816998}.Debug|Any CPU.ActiveCfg = Debug|Any CPU
		{12356BD7-8104-4861-B5BD-DEC302816998}.Debug|Any CPU.Build.0 = Debug|Any CPU
		{12356BD7-8104-4861-B5BD-DEC302816998}.Release|Any CPU.ActiveCfg = Release|Any CPU
		{12356BD7-8104-4861-B5BD-DEC302816998}.Release|Any CPU.Build.0 = Release|Any CPU
	EndGlobalSection
	GlobalSection(SolutionProperties) = preSolution
		HideSolutionNode = FALSE
	EndGlobalSection
	GlobalSection(ExtensibilityGlobals) = postSolution
		SolutionGuid = {9CD71C95-3D13-4FD4-A148-23AB455A5250}
	EndGlobalSection
EndGlobal
